
Microsoft Visual Studio Solution File, Format Version 12.00
# Visual Studio Version 17
VisualStudioVersion = 17.11.35208.52
MinimumVisualStudioVersion = 10.0.40219.1
Project("{FAE04EC0-301F-11D3-BF4B-00C04F79EFBC}") = "Week-1-practicals", "Week-1-practicals\Week-1-practicals.csproj", "{A9EC145D-E23A-43D3-89A8-18D992AFF8AC}"
EndProject
Global
	GlobalSection(SolutionConfigurationPlatforms) = preSolution
		Debug|Any CPU = Debug|Any CPU
		Release|Any CPU = Release|Any CPU
	EndGlobalSection
	GlobalSection(ProjectConfigurationPlatforms) = postSolution
		{A9EC145D-E23A-43D3-89A8-18D992AFF8AC}.Debug|Any CPU.ActiveCfg = Debug|Any CPU
		{A9EC145D-E23A-43D3-89A8-18D992AFF8AC}.Debug|Any CPU.Build.0 = Debug|Any CPU
		{A9EC145D-E23A-43D3-89A8-18D992AFF8AC}.Release|Any CPU.ActiveCfg = Release|Any CPU
		{A9EC145D-E23A-43D3-89A8-18D992AFF8AC}.Release|Any CPU.Build.0 = Release|Any CPU
	EndGlobalSection
	GlobalSection(SolutionProperties) = preSolution
		HideSolutionNode = FALSE
	EndGlobalSection
	GlobalSection(ExtensibilityGlobals) = postSolution
		SolutionGuid = {C8204102-D790-4174-8382-B3DFC9417D64}
	EndGlobalSection
EndGlobal
